
Microsoft Visual Studio Solution File, Format Version 12.00
# Visual Studio 15
VisualStudioVersion = 15.0.27130.2024
MinimumVisualStudioVersion = 10.0.40219.1
Project("{FAE04EC0-301F-11D3-BF4B-00C04F79EFBC}") = "assignment3", "assignment3\assignment3.csproj", "{B23042EC-9AD0-4B6B-B772-DC9D479241FB}"
EndProject
Global
	GlobalSection(SolutionConfigurationPlatforms) = preSolution
		Debug|Any CPU = Debug|Any CPU
		Release|Any CPU = Release|Any CPU
	EndGlobalSection
	GlobalSection(ProjectConfigurationPlatforms) = postSolution
		{B23042EC-9AD0-4B6B-B772-DC9D479241FB}.Debug|Any CPU.ActiveCfg = Debug|Any CPU
		{B23042EC-9AD0-4B6B-B772-DC9D479241FB}.Debug|Any CPU.Build.0 = Debug|Any CPU
		{B23042EC-9AD0-4B6B-B772-DC9D479241FB}.Release|Any CPU.ActiveCfg = Release|Any CPU
		{B23042EC-9AD0-4B6B-B772-DC9D479241FB}.Release|Any CPU.Build.0 = Release|Any CPU
	EndGlobalSection
	GlobalSection(SolutionProperties) = preSolution
		HideSolutionNode = FALSE
	EndGlobalSection
	GlobalSection(ExtensibilityGlobals) = postSolution
		SolutionGuid = {283D23C9-E036-4A91-BC5A-4D7E3E8813F0}
	EndGlobalSection
EndGlobal
